
Microsoft Visual Studio Solution File, Format Version 12.00
# Visual Studio 14
VisualStudioVersion = 14.0.23107.0
MinimumVisualStudioVersion = 10.0.40219.1
Project("{FAE04EC0-301F-11D3-BF4B-00C04F79EFBC}") = "BlogAlex.DB", "BlogAlex.DB\BlogAlex.DB.csproj", "{C7C529EF-C9BE-4E50-8F06-62E988A129E6}"
EndProject
Project("{FAE04EC0-301F-11D3-BF4B-00C04F79EFBC}") = "BlogAlex.Web", "BlogAlex.Web\BlogAlex.Web.csproj", "{7539A50D-A3D9-424C-8A6F-E5D8979F4DC9}"
EndProject
Global
	GlobalSection(SolutionConfigurationPlatforms) = preSolution
		Debug|Any CPU = Debug|Any CPU
		Release|Any CPU = Release|Any CPU
	EndGlobalSection
	GlobalSection(ProjectConfigurationPlatforms) = postSolution
		{C7C529EF-C9BE-4E50-8F06-62E988A129E6}.Debug|Any CPU.ActiveCfg = Debug|Any CPU
		{C7C529EF-C9BE-4E50-8F06-62E988A129E6}.Debug|Any CPU.Build.0 = Debug|Any CPU
		{C7C529EF-C9BE-4E50-8F06-62E988A129E6}.Release|Any CPU.ActiveCfg = Release|Any CPU
		{C7C529EF-C9BE-4E50-8F06-62E988A129E6}.Release|Any CPU.Build.0 = Release|Any CPU
		{7539A50D-A3D9-424C-8A6F-E5D8979F4DC9}.Debug|Any CPU.ActiveCfg = Debug|Any CPU
		{7539A50D-A3D9-424C-8A6F-E5D8979F4DC9}.Debug|Any CPU.Build.0 = Debug|Any CPU
		{7539A50D-A3D9-424C-8A6F-E5D8979F4DC9}.Release|Any CPU.ActiveCfg = Release|Any CPU
		{7539A50D-A3D9-424C-8A6F-E5D8979F4DC9}.Release|Any CPU.Build.0 = Release|Any CPU
	EndGlobalSection
	GlobalSection(SolutionProperties) = preSolution
		HideSolutionNode = FALSE
	EndGlobalSection
EndGlobal
